
Microsoft Visual Studio Solution File, Format Version 12.00
# Visual Studio Version 17
VisualStudioVersion = 17.11.35219.272
MinimumVisualStudioVersion = 10.0.40219.1
Project("{9A19103F-16F7-4668-BE54-9A1E7A4F7556}") = "kamen-nuzky-papir", "projekty\kamen-nuzky-papir.csproj", "{B62FDF70-2A7F-404E-A3B0-C1911BEAAE56}"
EndProject
Project("{9A19103F-16F7-4668-BE54-9A1E7A4F7556}") = "piskvorky", "piskvorky\piskvorky.csproj", "{CD5076A8-ADF5-4D75-AF31-3B4D1600BF5B}"
EndProject
Project("{FAE04EC0-301F-11D3-BF4B-00C04F79EFBC}") = "šibenice", "šibenice\šibenice.csproj", "{277976AB-90BD-4390-9EDA-F3B78D5D0A8D}"
EndProject
Global
	GlobalSection(SolutionConfigurationPlatforms) = preSolution
		Debug|Any CPU = Debug|Any CPU
		Release|Any CPU = Release|Any CPU
	EndGlobalSection
	GlobalSection(ProjectConfigurationPlatforms) = postSolution
		{B62FDF70-2A7F-404E-A3B0-C1911BEAAE56}.Debug|Any CPU.ActiveCfg = Debug|Any CPU
		{B62FDF70-2A7F-404E-A3B0-C1911BEAAE56}.Debug|Any CPU.Build.0 = Debug|Any CPU
		{B62FDF70-2A7F-404E-A3B0-C1911BEAAE56}.Release|Any CPU.ActiveCfg = Release|Any CPU
		{B62FDF70-2A7F-404E-A3B0-C1911BEAAE56}.Release|Any CPU.Build.0 = Release|Any CPU
		{CD5076A8-ADF5-4D75-AF31-3B4D1600BF5B}.Debug|Any CPU.ActiveCfg = Debug|Any CPU
		{CD5076A8-ADF5-4D75-AF31-3B4D1600BF5B}.Debug|Any CPU.Build.0 = Debug|Any CPU
		{CD5076A8-ADF5-4D75-AF31-3B4D1600BF5B}.Release|Any CPU.ActiveCfg = Release|Any CPU
		{CD5076A8-ADF5-4D75-AF31-3B4D1600BF5B}.Release|Any CPU.Build.0 = Release|Any CPU
		{277976AB-90BD-4390-9EDA-F3B78D5D0A8D}.Debug|Any CPU.ActiveCfg = Debug|Any CPU
		{277976AB-90BD-4390-9EDA-F3B78D5D0A8D}.Debug|Any CPU.Build.0 = Debug|Any CPU
		{277976AB-90BD-4390-9EDA-F3B78D5D0A8D}.Release|Any CPU.ActiveCfg = Release|Any CPU
		{277976AB-90BD-4390-9EDA-F3B78D5D0A8D}.Release|Any CPU.Build.0 = Release|Any CPU
	EndGlobalSection
	GlobalSection(SolutionProperties) = preSolution
		HideSolutionNode = FALSE
	EndGlobalSection
	GlobalSection(ExtensibilityGlobals) = postSolution
		SolutionGuid = {CC9A51ED-22B0-483C-90C6-CEA128DFFC97}
	EndGlobalSection
EndGlobal
